
Microsoft Visual Studio Solution File, Format Version 12.00
# Visual Studio Version 17
VisualStudioVersion = 17.9.34728.123
MinimumVisualStudioVersion = 10.0.40219.1
Project("{FAE04EC0-301F-11D3-BF4B-00C04F79EFBC}") = "ClassandObjet", "ClassandObjet\ClassandObjet.csproj", "{295AC57D-4219-4F23-9C30-493BF1DA1A74}"
EndProject
Global
	GlobalSection(SolutionConfigurationPlatforms) = preSolution
		Debug|Any CPU = Debug|Any CPU
		Release|Any CPU = Release|Any CPU
	EndGlobalSection
	GlobalSection(ProjectConfigurationPlatforms) = postSolution
		{295AC57D-4219-4F23-9C30-493BF1DA1A74}.Debug|Any CPU.ActiveCfg = Debug|Any CPU
		{295AC57D-4219-4F23-9C30-493BF1DA1A74}.Debug|Any CPU.Build.0 = Debug|Any CPU
		{295AC57D-4219-4F23-9C30-493BF1DA1A74}.Release|Any CPU.ActiveCfg = Release|Any CPU
		{295AC57D-4219-4F23-9C30-493BF1DA1A74}.Release|Any CPU.Build.0 = Release|Any CPU
	EndGlobalSection
	GlobalSection(SolutionProperties) = preSolution
		HideSolutionNode = FALSE
	EndGlobalSection
	GlobalSection(ExtensibilityGlobals) = postSolution
		SolutionGuid = {E93EDD93-6BC5-4882-BA85-CEF99B7A7B46}
	EndGlobalSection
EndGlobal
